
Microsoft Visual Studio Solution File, Format Version 12.00
# Visual Studio Version 17
VisualStudioVersion = 17.5.33414.496
MinimumVisualStudioVersion = 10.0.40219.1
Project("{FAE04EC0-301F-11D3-BF4B-00C04F79EFBC}") = "WinFormsApp1", "WinFormsApp1\WinFormsApp1.csproj", "{4EDF1A13-54BF-49C4-85CC-587434DD30CC}"
EndProject
Global
	GlobalSection(SolutionConfigurationPlatforms) = preSolution
		Debug|Any CPU = Debug|Any CPU
		Release|Any CPU = Release|Any CPU
	EndGlobalSection
	GlobalSection(ProjectConfigurationPlatforms) = postSolution
		{4EDF1A13-54BF-49C4-85CC-587434DD30CC}.Debug|Any CPU.ActiveCfg = Debug|Any CPU
		{4EDF1A13-54BF-49C4-85CC-587434DD30CC}.Debug|Any CPU.Build.0 = Debug|Any CPU
		{4EDF1A13-54BF-49C4-85CC-587434DD30CC}.Release|Any CPU.ActiveCfg = Release|Any CPU
		{4EDF1A13-54BF-49C4-85CC-587434DD30CC}.Release|Any CPU.Build.0 = Release|Any CPU
	EndGlobalSection
	GlobalSection(SolutionProperties) = preSolution
		HideSolutionNode = FALSE
	EndGlobalSection
	GlobalSection(ExtensibilityGlobals) = postSolution
		SolutionGuid = {D49EBE5A-0318-45F4-AE02-56FB79E7C7F2}
	EndGlobalSection
EndGlobal
